// !$*UTF8*$!
{
	archiveVersion = 1;
	classes = {
	};
	objectVersion = 50;
	objects = {

/* Begin PBXBuildFile section */
		292CB5B325A0D6B0007E75DC /* QueueService.swift in Sources */ = {isa = PBXBuildFile; fileRef = 292CB5B225A0D6B0007E75DC /* QueueService.swift */; };
		293A022625A1650600BB6841 /* NewsViewModel.swift in Sources */ = {isa = PBXBuildFile; fileRef = 293A022525A1650600BB6841 /* NewsViewModel.swift */; };
		29A05294259DE76600ED7B8A /* AppDelegate.swift in Sources */ = {isa = PBXBuildFile; fileRef = 29A05293259DE76600ED7B8A /* AppDelegate.swift */; };
		29A05296259DE76600ED7B8A /* SceneDelegate.swift in Sources */ = {isa = PBXBuildFile; fileRef = 29A05295259DE76600ED7B8A /* SceneDelegate.swift */; };
		29A0529A259DE76800ED7B8A /* Assets.xcassets in Resources */ = {isa = PBXBuildFile; fileRef = 29A05299259DE76800ED7B8A /* Assets.xcassets */; };
		29A0529D259DE76800ED7B8A /* Preview Assets.xcassets in Resources */ = {isa = PBXBuildFile; fileRef = 29A0529C259DE76800ED7B8A /* Preview Assets.xcassets */; };
		29A052A0259DE76800ED7B8A /* LaunchScreen.storyboard in Resources */ = {isa = PBXBuildFile; fileRef = 29A0529E259DE76800ED7B8A /* LaunchScreen.storyboard */; };
		29A052D9259DF2BC00ED7B8A /* ViewController.swift in Sources */ = {isa = PBXBuildFile; fileRef = 29A052D8259DF2BC00ED7B8A /* ViewController.swift */; };
		29A052E4259DFFF600ED7B8A /* Reachibility.swift in Sources */ = {isa = PBXBuildFile; fileRef = 29A052E3259DFFF600ED7B8A /* Reachibility.swift */; };
		29BB9C5825A05B2800D8CF6F /* NetworkService.swift in Sources */ = {isa = PBXBuildFile; fileRef = 29BB9C5725A05B2800D8CF6F /* NetworkService.swift */; };
		5CDA7C4225B8059B0089C353 /* NewsFromNetworkTests.swift in Sources */ = {isa = PBXBuildFile; fileRef = 5CDA7C4125B8059B0089C353 /* NewsFromNetworkTests.swift */; };
		5CDA7C5A25B828F60089C353 /* Articles.swift in Sources */ = {isa = PBXBuildFile; fileRef = 5CDA7C5925B828F60089C353 /* Articles.swift */; };
		5CDA7C5E25B8293F0089C353 /* NewsResponse.swift in Sources */ = {isa = PBXBuildFile; fileRef = 5CDA7C5D25B8293F0089C353 /* NewsResponse.swift */; };
		5CDA7C6825B848380089C353 /* NewsFromNetwork.swift in Sources */ = {isa = PBXBuildFile; fileRef = 5CDA7C6725B848380089C353 /* NewsFromNetwork.swift */; };
/* End PBXBuildFile section */

/* Begin PBXContainerItemProxy section */
		29A052B7259DE88400ED7B8A /* PBXContainerItemProxy */ = {
			isa = PBXContainerItemProxy;
			containerPortal = 29A052AD259DE88400ED7B8A /* SQLite.xcodeproj */;
			proxyType = 2;
			remoteGlobalIDString = EE247AD31C3F04ED00AE3E12;
			remoteInfo = "SQLite iOS";
		};
		29A052B9259DE88400ED7B8A /* PBXContainerItemProxy */ = {
			isa = PBXContainerItemProxy;
			containerPortal = 29A052AD259DE88400ED7B8A /* SQLite.xcodeproj */;
			proxyType = 2;
			remoteGlobalIDString = EE247ADD1C3F04ED00AE3E12;
			remoteInfo = "SQLiteTests iOS";
		};
		29A052BB259DE88400ED7B8A /* PBXContainerItemProxy */ = {
			isa = PBXContainerItemProxy;
			containerPortal = 29A052AD259DE88400ED7B8A /* SQLite.xcodeproj */;
			proxyType = 2;
			remoteGlobalIDString = EE247B3C1C3F3ED000AE3E12;
			remoteInfo = "SQLite Mac";
		};
		29A052BD259DE88400ED7B8A /* PBXContainerItemProxy */ = {
			isa = PBXContainerItemProxy;
			containerPortal = 29A052AD259DE88400ED7B8A /* SQLite.xcodeproj */;
			proxyType = 2;
			remoteGlobalIDString = EE247B451C3F3ED000AE3E12;
			remoteInfo = "SQLiteTests Mac";
		};
		29A052BF259DE88400ED7B8A /* PBXContainerItemProxy */ = {
			isa = PBXContainerItemProxy;
			containerPortal = 29A052AD259DE88400ED7B8A /* SQLite.xcodeproj */;
			proxyType = 2;
			remoteGlobalIDString = 03A65E5A1C6BB0F50062603F;
			remoteInfo = "SQLite tvOS";
		};
		29A052C1259DE88400ED7B8A /* PBXContainerItemProxy */ = {
			isa = PBXContainerItemProxy;
			containerPortal = 29A052AD259DE88400ED7B8A /* SQLite.xcodeproj */;
			proxyType = 2;
			remoteGlobalIDString = 03A65E631C6BB0F60062603F;
			remoteInfo = "SQLiteTests tvOS";
		};
		29A052C3259DE88400ED7B8A /* PBXContainerItemProxy */ = {
			isa = PBXContainerItemProxy;
			containerPortal = 29A052AD259DE88400ED7B8A /* SQLite.xcodeproj */;
			proxyType = 2;
			remoteGlobalIDString = A121AC451CA35C79005A31D1;
			remoteInfo = "SQLite watchOS";
		};
		5CDA7C4425B8059B0089C353 /* PBXContainerItemProxy */ = {
			isa = PBXContainerItemProxy;
			containerPortal = 29A05288259DE76600ED7B8A /* Project object */;
			proxyType = 1;
			remoteGlobalIDString = 29A0528F259DE76600ED7B8A;
			remoteInfo = "swift-ui-sqlite";
		};
/* End PBXContainerItemProxy section */

/* Begin PBXFileReference section */
		292CB5B225A0D6B0007E75DC /* QueueService.swift */ = {isa = PBXFileReference; lastKnownFileType = sourcecode.swift; path = QueueService.swift; sourceTree = "<group>"; };
		293A022525A1650600BB6841 /* NewsViewModel.swift */ = {isa = PBXFileReference; lastKnownFileType = sourcecode.swift; path = NewsViewModel.swift; sourceTree = "<group>"; };
		29A05290259DE76600ED7B8A /* swift-ui-sqlite.app */ = {isa = PBXFileReference; explicitFileType = wrapper.application; includeInIndex = 0; path = "swift-ui-sqlite.app"; sourceTree = BUILT_PRODUCTS_DIR; };
		29A05293259DE76600ED7B8A /* AppDelegate.swift */ = {isa = PBXFileReference; lastKnownFileType = sourcecode.swift; path = AppDelegate.swift; sourceTree = "<group>"; };
		29A05295259DE76600ED7B8A /* SceneDelegate.swift */ = {isa = PBXFileReference; lastKnownFileType = sourcecode.swift; path = SceneDelegate.swift; sourceTree = "<group>"; };
		29A05299259DE76800ED7B8A /* Assets.xcassets */ = {isa = PBXFileReference; lastKnownFileType = folder.assetcatalog; path = Assets.xcassets; sourceTree = "<group>"; };
		29A0529C259DE76800ED7B8A /* Preview Assets.xcassets */ = {isa = PBXFileReference; lastKnownFileType = folder.assetcatalog; path = "Preview Assets.xcassets"; sourceTree = "<group>"; };
		29A0529F259DE76800ED7B8A /* Base */ = {isa = PBXFileReference; lastKnownFileType = file.storyboard; name = Base; path = Base.lproj/LaunchScreen.storyboard; sourceTree = "<group>"; };
		29A052A1259DE76800ED7B8A /* Info.plist */ = {isa = PBXFileReference; lastKnownFileType = text.plist.xml; path = Info.plist; sourceTree = "<group>"; };
		29A052AD259DE88400ED7B8A /* SQLite.xcodeproj */ = {isa = PBXFileReference; lastKnownFileType = "wrapper.pb-project"; name = SQLite.xcodeproj; path = "../../../Downloads/SQLite.swift-master/SQLite.xcodeproj"; sourceTree = "<group>"; };
		29A052D8259DF2BC00ED7B8A /* ViewController.swift */ = {isa = PBXFileReference; lastKnownFileType = sourcecode.swift; path = ViewController.swift; sourceTree = "<group>"; };
		29A052E3259DFFF600ED7B8A /* Reachibility.swift */ = {isa = PBXFileReference; lastKnownFileType = sourcecode.swift; path = Reachibility.swift; sourceTree = "<group>"; };
		29BB9C5725A05B2800D8CF6F /* NetworkService.swift */ = {isa = PBXFileReference; lastKnownFileType = sourcecode.swift; path = NetworkService.swift; sourceTree = "<group>"; };
		5CDA7C3F25B8059B0089C353 /* swift-ui-sqliteTests.xctest */ = {isa = PBXFileReference; explicitFileType = wrapper.cfbundle; includeInIndex = 0; path = "swift-ui-sqliteTests.xctest"; sourceTree = BUILT_PRODUCTS_DIR; };
		5CDA7C4125B8059B0089C353 /* NewsFromNetworkTests.swift */ = {isa = PBXFileReference; lastKnownFileType = sourcecode.swift; path = NewsFromNetworkTests.swift; sourceTree = "<group>"; };
		5CDA7C4325B8059B0089C353 /* Info.plist */ = {isa = PBXFileReference; lastKnownFileType = text.plist.xml; path = Info.plist; sourceTree = "<group>"; };
		5CDA7C5925B828F60089C353 /* Articles.swift */ = {isa = PBXFileReference; lastKnownFileType = sourcecode.swift; name = Articles.swift; path = "swift-ui-sqlite/ViewModels/Articles.swift"; sourceTree = SOURCE_ROOT; };
		5CDA7C5D25B8293F0089C353 /* NewsResponse.swift */ = {isa = PBXFileReference; lastKnownFileType = sourcecode.swift; name = NewsResponse.swift; path = "swift-ui-sqlite/ViewModels/NewsResponse.swift"; sourceTree = SOURCE_ROOT; };
		5CDA7C6725B848380089C353 /* NewsFromNetwork.swift */ = {isa = PBXFileReference; lastKnownFileType = sourcecode.swift; path = NewsFromNetwork.swift; sourceTree = "<group>"; };
/* End PBXFileReference section */

/* Begin PBXFrameworksBuildPhase section */
		29A0528D259DE76600ED7B8A /* Frameworks */ = {
			isa = PBXFrameworksBuildPhase;
			buildActionMask = 2147483647;
			files = (
			);
			runOnlyForDeploymentPostprocessing = 0;
		};
		5CDA7C3C25B8059B0089C353 /* Frameworks */ = {
			isa = PBXFrameworksBuildPhase;
			buildActionMask = 2147483647;
			files = (
			);
			runOnlyForDeploymentPostprocessing = 0;
		};
/* End PBXFrameworksBuildPhase section */

/* Begin PBXGroup section */
		29A05287259DE76600ED7B8A = {
			isa = PBXGroup;
			children = (
				29A05292259DE76600ED7B8A /* swift-ui-sqlite */,
				5CDA7C4025B8059B0089C353 /* swift-ui-sqliteTests */,
				29A05291259DE76600ED7B8A /* Products */,
				29A052CD259DE8AB00ED7B8A /* Frameworks */,
			);
			sourceTree = "<group>";
		};
		29A05291259DE76600ED7B8A /* Products */ = {
			isa = PBXGroup;
			children = (
				29A05290259DE76600ED7B8A /* swift-ui-sqlite.app */,
				5CDA7C3F25B8059B0089C353 /* swift-ui-sqliteTests.xctest */,
			);
			name = Products;
			sourceTree = "<group>";
		};
		29A05292259DE76600ED7B8A /* swift-ui-sqlite */ = {
			isa = PBXGroup;
			children = (
				29BB9C5925A0644300D8CF6F /* ViewModels */,
				29BB9C5625A05AFC00D8CF6F /* Models */,
				29BB9C4E25A05A2900D8CF6F /* Service */,
				29A052DB259DFFDF00ED7B8A /* Connectivity */,
				29A05293259DE76600ED7B8A /* AppDelegate.swift */,
				29A05295259DE76600ED7B8A /* SceneDelegate.swift */,
				29A05299259DE76800ED7B8A /* Assets.xcassets */,
				29A0529E259DE76800ED7B8A /* LaunchScreen.storyboard */,
				29A052AD259DE88400ED7B8A /* SQLite.xcodeproj */,
				29A052A1259DE76800ED7B8A /* Info.plist */,
				29A0529B259DE76800ED7B8A /* Preview Content */,
				29A052D8259DF2BC00ED7B8A /* ViewController.swift */,
			);
			path = "swift-ui-sqlite";
			sourceTree = "<group>";
		};
		29A0529B259DE76800ED7B8A /* Preview Content */ = {
			isa = PBXGroup;
			children = (
				29A0529C259DE76800ED7B8A /* Preview Assets.xcassets */,
			);
			path = "Preview Content";
			sourceTree = "<group>";
		};
		29A052AE259DE88400ED7B8A /* Products */ = {
			isa = PBXGroup;
			children = (
				29A052B8259DE88400ED7B8A /* SQLite.framework */,
				29A052BA259DE88400ED7B8A /* SQLiteTests iOS.xctest */,
				29A052BC259DE88400ED7B8A /* SQLite.framework */,
				29A052BE259DE88400ED7B8A /* SQLiteTests Mac.xctest */,
				29A052C0259DE88400ED7B8A /* SQLite.framework */,
				29A052C2259DE88400ED7B8A /* SQLiteTests tvOS.xctest */,
				29A052C4259DE88400ED7B8A /* SQLite.framework */,
			);
			name = Products;
			sourceTree = "<group>";
		};
		29A052CD259DE8AB00ED7B8A /* Frameworks */ = {
			isa = PBXGroup;
			children = (
			);
			name = Frameworks;
			sourceTree = "<group>";
		};
		29A052DB259DFFDF00ED7B8A /* Connectivity */ = {
			isa = PBXGroup;
			children = (
				29A052E3259DFFF600ED7B8A /* Reachibility.swift */,
			);
			path = Connectivity;
			sourceTree = "<group>";
		};
		29BB9C4E25A05A2900D8CF6F /* Service */ = {
			isa = PBXGroup;
			children = (
				29BB9C5725A05B2800D8CF6F /* NetworkService.swift */,
				292CB5B225A0D6B0007E75DC /* QueueService.swift */,
				5CDA7C6725B848380089C353 /* NewsFromNetwork.swift */,
			);
			path = Service;
			sourceTree = "<group>";
		};
		29BB9C5625A05AFC00D8CF6F /* Models */ = {
			isa = PBXGroup;
			children = (
				5CDA7C5925B828F60089C353 /* Articles.swift */,
				5CDA7C5D25B8293F0089C353 /* NewsResponse.swift */,
			);
			path = Models;
			sourceTree = "<group>";
		};
		29BB9C5925A0644300D8CF6F /* ViewModels */ = {
			isa = PBXGroup;
			children = (
				293A022525A1650600BB6841 /* NewsViewModel.swift */,
			);
			path = ViewModels;
			sourceTree = "<group>";
		};
		5CDA7C4025B8059B0089C353 /* swift-ui-sqliteTests */ = {
			isa = PBXGroup;
			children = (
				5CDA7C4125B8059B0089C353 /* NewsFromNetworkTests.swift */,
				5CDA7C4325B8059B0089C353 /* Info.plist */,
			);
			path = "swift-ui-sqliteTests";
			sourceTree = "<group>";
		};
/* End PBXGroup section */

/* Begin PBXNativeTarget section */
		29A0528F259DE76600ED7B8A /* swift-ui-sqlite */ = {
			isa = PBXNativeTarget;
			buildConfigurationList = 29A052A4259DE76800ED7B8A /* Build configuration list for PBXNativeTarget "swift-ui-sqlite" */;
			buildPhases = (
				29A0528C259DE76600ED7B8A /* Sources */,
				29A0528D259DE76600ED7B8A /* Frameworks */,
				29A0528E259DE76600ED7B8A /* Resources */,
			);
			buildRules = (
			);
			dependencies = (
			);
			name = "swift-ui-sqlite";
			productName = "swift-ui-sqlite";
			productReference = 29A05290259DE76600ED7B8A /* swift-ui-sqlite.app */;
			productType = "com.apple.product-type.application";
		};
		5CDA7C3E25B8059B0089C353 /* swift-ui-sqliteTests */ = {
			isa = PBXNativeTarget;
			buildConfigurationList = 5CDA7C4825B8059B0089C353 /* Build configuration list for PBXNativeTarget "swift-ui-sqliteTests" */;
			buildPhases = (
				5CDA7C3B25B8059B0089C353 /* Sources */,
				5CDA7C3C25B8059B0089C353 /* Frameworks */,
				5CDA7C3D25B8059B0089C353 /* Resources */,
			);
			buildRules = (
			);
			dependencies = (
				5CDA7C4525B8059B0089C353 /* PBXTargetDependency */,
			);
			name = "swift-ui-sqliteTests";
			productName = "swift-ui-sqliteTests";
			productReference = 5CDA7C3F25B8059B0089C353 /* swift-ui-sqliteTests.xctest */;
			productType = "com.apple.product-type.bundle.unit-test";
		};
/* End PBXNativeTarget section */

/* Begin PBXProject section */
		29A05288259DE76600ED7B8A /* Project object */ = {
			isa = PBXProject;
			attributes = {
				LastSwiftUpdateCheck = 1230;
				LastUpgradeCheck = 1220;
				TargetAttributes = {
					29A0528F259DE76600ED7B8A = {
						CreatedOnToolsVersion = 12.2;
					};
					5CDA7C3E25B8059B0089C353 = {
						CreatedOnToolsVersion = 12.3;
						TestTargetID = 29A0528F259DE76600ED7B8A;
					};
				};
			};
			buildConfigurationList = 29A0528B259DE76600ED7B8A /* Build configuration list for PBXProject "swift-ui-sqlite" */;
			compatibilityVersion = "Xcode 9.3";
			developmentRegion = en;
			hasScannedForEncodings = 0;
			knownRegions = (
				en,
				Base,
			);
			mainGroup = 29A05287259DE76600ED7B8A;
			productRefGroup = 29A05291259DE76600ED7B8A /* Products */;
			projectDirPath = "";
			projectReferences = (
				{
					ProductGroup = 29A052AE259DE88400ED7B8A /* Products */;
					ProjectRef = 29A052AD259DE88400ED7B8A /* SQLite.xcodeproj */;
				},
			);
			projectRoot = "";
			targets = (
				29A0528F259DE76600ED7B8A /* swift-ui-sqlite */,
				5CDA7C3E25B8059B0089C353 /* swift-ui-sqliteTests */,
			);
		};
/* End PBXProject section */

/* Begin PBXReferenceProxy section */
		29A052B8259DE88400ED7B8A /* SQLite.framework */ = {
			isa = PBXReferenceProxy;
			fileType = wrapper.framework;
			path = SQLite.framework;
			remoteRef = 29A052B7259DE88400ED7B8A /* PBXContainerItemProxy */;
			sourceTree = BUILT_PRODUCTS_DIR;
		};
		29A052BA259DE88400ED7B8A /* SQLiteTests iOS.xctest */ = {
			isa = PBXReferenceProxy;
			fileType = wrapper.cfbundle;
			path = "SQLiteTests iOS.xctest";
			remoteRef = 29A052B9259DE88400ED7B8A /* PBXContainerItemProxy */;
			sourceTree = BUILT_PRODUCTS_DIR;
		};
		29A052BC259DE88400ED7B8A /* SQLite.framework */ = {
			isa = PBXReferenceProxy;
			fileType = wrapper.framework;
			path = SQLite.framework;
			remoteRef = 29A052BB259DE88400ED7B8A /* PBXContainerItemProxy */;
			sourceTree = BUILT_PRODUCTS_DIR;
		};
		29A052BE259DE88400ED7B8A /* SQLiteTests Mac.xctest */ = {
			isa = PBXReferenceProxy;
			fileType = wrapper.cfbundle;
			path = "SQLiteTests Mac.xctest";
			remoteRef = 29A052BD259DE88400ED7B8A /* PBXContainerItemProxy */;
			sourceTree = BUILT_PRODUCTS_DIR;
		};
		29A052C0259DE88400ED7B8A /* SQLite.framework */ = {
			isa = PBXReferenceProxy;
			fileType = wrapper.framework;
			path = SQLite.framework;
			remoteRef = 29A052BF259DE88400ED7B8A /* PBXContainerItemProxy */;
			sourceTree = BUILT_PRODUCTS_DIR;
		};
		29A052C2259DE88400ED7B8A /* SQLiteTests tvOS.xctest */ = {
			isa = PBXReferenceProxy;
			fileType = wrapper.cfbundle;
			path = "SQLiteTests tvOS.xctest";
			remoteRef = 29A052C1259DE88400ED7B8A /* PBXContainerItemProxy */;
			sourceTree = BUILT_PRODUCTS_DIR;
		};
		29A052C4259DE88400ED7B8A /* SQLite.framework */ = {
			isa = PBXReferenceProxy;
			fileType = wrapper.framework;
			path = SQLite.framework;
			remoteRef = 29A052C3259DE88400ED7B8A /* PBXContainerItemProxy */;
			sourceTree = BUILT_PRODUCTS_DIR;
		};
/* End PBXReferenceProxy section */

/* Begin PBXResourcesBuildPhase section */
		29A0528E259DE76600ED7B8A /* Resources */ = {
			isa = PBXResourcesBuildPhase;
			buildActionMask = 2147483647;
			files = (
				29A052A0259DE76800ED7B8A /* LaunchScreen.storyboard in Resources */,
				29A0529D259DE76800ED7B8A /* Preview Assets.xcassets in Resources */,
				29A0529A259DE76800ED7B8A /* Assets.xcassets in Resources */,
			);
			runOnlyForDeploymentPostprocessing = 0;
		};
		5CDA7C3D25B8059B0089C353 /* Resources */ = {
			isa = PBXResourcesBuildPhase;
			buildActionMask = 2147483647;
			files = (
			);
			runOnlyForDeploymentPostprocessing = 0;
		};
/* End PBXResourcesBuildPhase section */

/* Begin PBXSourcesBuildPhase section */
		29A0528C259DE76600ED7B8A /* Sources */ = {
			isa = PBXSourcesBuildPhase;
			buildActionMask = 2147483647;
			files = (
				5CDA7C5A25B828F60089C353 /* Articles.swift in Sources */,
				29A052D9259DF2BC00ED7B8A /* ViewController.swift in Sources */,
				29A05294259DE76600ED7B8A /* AppDelegate.swift in Sources */,
				5CDA7C6825B848380089C353 /* NewsFromNetwork.swift in Sources */,
				29A052E4259DFFF600ED7B8A /* Reachibility.swift in Sources */,
				29A05296259DE76600ED7B8A /* SceneDelegate.swift in Sources */,
				5CDA7C5E25B8293F0089C353 /* NewsResponse.swift in Sources */,
				293A022625A1650600BB6841 /* NewsViewModel.swift in Sources */,
				29BB9C5825A05B2800D8CF6F /* NetworkService.swift in Sources */,
				292CB5B325A0D6B0007E75DC /* QueueService.swift in Sources */,
			);
			runOnlyForDeploymentPostprocessing = 0;
		};
		5CDA7C3B25B8059B0089C353 /* Sources */ = {
			isa = PBXSourcesBuildPhase;
			buildActionMask = 2147483647;
			files = (
				5CDA7C4225B8059B0089C353 /* NewsFromNetworkTests.swift in Sources */,
			);
			runOnlyForDeploymentPostprocessing = 0;
		};
/* End PBXSourcesBuildPhase section */

/* Begin PBXTargetDependency section */
		5CDA7C4525B8059B0089C353 /* PBXTargetDependency */ = {
			isa = PBXTargetDependency;
			target = 29A0528F259DE76600ED7B8A /* swift-ui-sqlite */;
			targetProxy = 5CDA7C4425B8059B0089C353 /* PBXContainerItemProxy */;
		};
/* End PBXTargetDependency section */

/* Begin PBXVariantGroup section */
		29A0529E259DE76800ED7B8A /* LaunchScreen.storyboard */ = {
			isa = PBXVariantGroup;
			children = (
				29A0529F259DE76800ED7B8A /* Base */,
			);
			name = LaunchScreen.storyboard;
			sourceTree = "<group>";
		};
/* End PBXVariantGroup section */

/* Begin XCBuildConfiguration section */
		29A052A2259DE76800ED7B8A /* Debug */ = {
			isa = XCBuildConfiguration;
			buildSettings = {
				ALWAYS_SEARCH_USER_PATHS = NO;
				CLANG_ANALYZER_NONNULL = YES;
				CLANG_ANALYZER_NUMBER_OBJECT_CONVERSION = YES_AGGRESSIVE;
				CLANG_CXX_LANGUAGE_STANDARD = "gnu++14";
				CLANG_CXX_LIBRARY = "libc++";
				CLANG_ENABLE_MODULES = YES;
				CLANG_ENABLE_OBJC_ARC = YES;
				CLANG_ENABLE_OBJC_WEAK = YES;
				CLANG_WARN_BLOCK_CAPTURE_AUTORELEASING = YES;
				CLANG_WARN_BOOL_CONVERSION = YES;
				CLANG_WARN_COMMA = YES;
				CLANG_WARN_CONSTANT_CONVERSION = YES;
				CLANG_WARN_DEPRECATED_OBJC_IMPLEMENTATIONS = YES;
				CLANG_WARN_DIRECT_OBJC_ISA_USAGE = YES_ERROR;
				CLANG_WARN_DOCUMENTATION_COMMENTS = YES;
				CLANG_WARN_EMPTY_BODY = YES;
				CLANG_WARN_ENUM_CONVERSION = YES;
				CLANG_WARN_INFINITE_RECURSION = YES;
				CLANG_WARN_INT_CONVERSION = YES;
				CLANG_WARN_NON_LITERAL_NULL_CONVERSION = YES;
				CLANG_WARN_OBJC_IMPLICIT_RETAIN_SELF = YES;
				CLANG_WARN_OBJC_LITERAL_CONVERSION = YES;
				CLANG_WARN_OBJC_ROOT_CLASS = YES_ERROR;
				CLANG_WARN_QUOTED_INCLUDE_IN_FRAMEWORK_HEADER = YES;
				CLANG_WARN_RANGE_LOOP_ANALYSIS = YES;
				CLANG_WARN_STRICT_PROTOTYPES = YES;
				CLANG_WARN_SUSPICIOUS_MOVE = YES;
				CLANG_WARN_UNGUARDED_AVAILABILITY = YES_AGGRESSIVE;
				CLANG_WARN_UNREACHABLE_CODE = YES;
				CLANG_WARN__DUPLICATE_METHOD_MATCH = YES;
				COPY_PHASE_STRIP = NO;
				DEBUG_INFORMATION_FORMAT = dwarf;
				ENABLE_STRICT_OBJC_MSGSEND = YES;
				ENABLE_TESTABILITY = YES;
				GCC_C_LANGUAGE_STANDARD = gnu11;
				GCC_DYNAMIC_NO_PIC = NO;
				GCC_NO_COMMON_BLOCKS = YES;
				GCC_OPTIMIZATION_LEVEL = 0;
				GCC_PREPROCESSOR_DEFINITIONS = (
					"DEBUG=1",
					"$(inherited)",
				);
				GCC_WARN_64_TO_32_BIT_CONVERSION = YES;
				GCC_WARN_ABOUT_RETURN_TYPE = YES_ERROR;
				GCC_WARN_UNDECLARED_SELECTOR = YES;
				GCC_WARN_UNINITIALIZED_AUTOS = YES_AGGRESSIVE;
				GCC_WARN_UNUSED_FUNCTION = YES;
				GCC_WARN_UNUSED_VARIABLE = YES;
				IPHONEOS_DEPLOYMENT_TARGET = 14.2;
				MTL_ENABLE_DEBUG_INFO = INCLUDE_SOURCE;
				MTL_FAST_MATH = YES;
				ONLY_ACTIVE_ARCH = YES;
				SDKROOT = iphoneos;
				SWIFT_ACTIVE_COMPILATION_CONDITIONS = DEBUG;
				SWIFT_OPTIMIZATION_LEVEL = "-Onone";
			};
			name = Debug;
		};
		29A052A3259DE76800ED7B8A /* Release */ = {
			isa = XCBuildConfiguration;
			buildSettings = {
				ALWAYS_SEARCH_USER_PATHS = NO;
				CLANG_ANALYZER_NONNULL = YES;
				CLANG_ANALYZER_NUMBER_OBJECT_CONVERSION = YES_AGGRESSIVE;
				CLANG_CXX_LANGUAGE_STANDARD = "gnu++14";
				CLANG_CXX_LIBRARY = "libc++";
				CLANG_ENABLE_MODULES = YES;
				CLANG_ENABLE_OBJC_ARC = YES;
				CLANG_ENABLE_OBJC_WEAK = YES;
				CLANG_WARN_BLOCK_CAPTURE_AUTORELEASING = YES;
				CLANG_WARN_BOOL_CONVERSION = YES;
				CLANG_WARN_COMMA = YES;
				CLANG_WARN_CONSTANT_CONVERSION = YES;
				CLANG_WARN_DEPRECATED_OBJC_IMPLEMENTATIONS = YES;
				CLANG_WARN_DIRECT_OBJC_ISA_USAGE = YES_ERROR;
				CLANG_WARN_DOCUMENTATION_COMMENTS = YES;
				CLANG_WARN_EMPTY_BODY = YES;
				CLANG_WARN_ENUM_CONVERSION = YES;
				CLANG_WARN_INFINITE_RECURSION = YES;
				CLANG_WARN_INT_CONVERSION = YES;
				CLANG_WARN_NON_LITERAL_NULL_CONVERSION = YES;
				CLANG_WARN_OBJC_IMPLICIT_RETAIN_SELF = YES;
				CLANG_WARN_OBJC_LITERAL_CONVERSION = YES;
				CLANG_WARN_OBJC_ROOT_CLASS = YES_ERROR;
				CLANG_WARN_QUOTED_INCLUDE_IN_FRAMEWORK_HEADER = YES;
				CLANG_WARN_RANGE_LOOP_ANALYSIS = YES;
				CLANG_WARN_STRICT_PROTOTYPES = YES;
				CLANG_WARN_SUSPICIOUS_MOVE = YES;
				CLANG_WARN_UNGUARDED_AVAILABILITY = YES_AGGRESSIVE;
				CLANG_WARN_UNREACHABLE_CODE = YES;
				CLANG_WARN__DUPLICATE_METHOD_MATCH = YES;
				COPY_PHASE_STRIP = NO;
				DEBUG_INFORMATION_FORMAT = "dwarf-with-dsym";
				ENABLE_NS_ASSERTIONS = NO;
				ENABLE_STRICT_OBJC_MSGSEND = YES;
				GCC_C_LANGUAGE_STANDARD = gnu11;
				GCC_NO_COMMON_BLOCKS = YES;
				GCC_WARN_64_TO_32_BIT_CONVERSION = YES;
				GCC_WARN_ABOUT_RETURN_TYPE = YES_ERROR;
				GCC_WARN_UNDECLARED_SELECTOR = YES;
				GCC_WARN_UNINITIALIZED_AUTOS = YES_AGGRESSIVE;
				GCC_WARN_UNUSED_FUNCTION = YES;
				GCC_WARN_UNUSED_VARIABLE = YES;
				IPHONEOS_DEPLOYMENT_TARGET = 14.2;
				MTL_ENABLE_DEBUG_INFO = NO;
				MTL_FAST_MATH = YES;
				SDKROOT = iphoneos;
				SWIFT_COMPILATION_MODE = wholemodule;
				SWIFT_OPTIMIZATION_LEVEL = "-O";
				VALIDATE_PRODUCT = YES;
			};
			name = Release;
		};
		29A052A5259DE76800ED7B8A /* Debug */ = {
			isa = XCBuildConfiguration;
			buildSettings = {
				ASSETCATALOG_COMPILER_APPICON_NAME = AppIcon;
				ASSETCATALOG_COMPILER_GLOBAL_ACCENT_COLOR_NAME = AccentColor;
				CODE_SIGN_IDENTITY = "Apple Development";
				CODE_SIGN_STYLE = Automatic;
				DEVELOPMENT_ASSET_PATHS = "\"swift-ui-sqlite/Preview Content\"";
				DEVELOPMENT_TEAM = D49C4TRG33;
				ENABLE_PREVIEWS = YES;
				INFOPLIST_FILE = "swift-ui-sqlite/Info.plist";
				LD_RUNPATH_SEARCH_PATHS = (
					"$(inherited)",
					"@executable_path/Frameworks",
				);
				PRODUCT_BUNDLE_IDENTIFIER = "com.iw.swift-ui-sqlite";
				PRODUCT_NAME = "$(TARGET_NAME)";
				PROVISIONING_PROFILE_SPECIFIER = "";
				SWIFT_VERSION = 5.0;
				TARGETED_DEVICE_FAMILY = "1,2";
			};
			name = Debug;
		};
		29A052A6259DE76800ED7B8A /* Release */ = {
			isa = XCBuildConfiguration;
			buildSettings = {
				ASSETCATALOG_COMPILER_APPICON_NAME = AppIcon;
				ASSETCATALOG_COMPILER_GLOBAL_ACCENT_COLOR_NAME = AccentColor;
				CODE_SIGN_IDENTITY = "Apple Development";
				CODE_SIGN_STYLE = Automatic;
				DEVELOPMENT_ASSET_PATHS = "\"swift-ui-sqlite/Preview Content\"";
				DEVELOPMENT_TEAM = D49C4TRG33;
				ENABLE_PREVIEWS = YES;
				INFOPLIST_FILE = "swift-ui-sqlite/Info.plist";
				LD_RUNPATH_SEARCH_PATHS = (
					"$(inherited)",
					"@executable_path/Frameworks",
				);
				PRODUCT_BUNDLE_IDENTIFIER = "com.iw.swift-ui-sqlite";
				PRODUCT_NAME = "$(TARGET_NAME)";
				PROVISIONING_PROFILE_SPECIFIER = "";
				SWIFT_VERSION = 5.0;
				TARGETED_DEVICE_FAMILY = "1,2";
			};
			name = Release;
		};
		5CDA7C4625B8059B0089C353 /* Debug */ = {
			isa = XCBuildConfiguration;
			buildSettings = {
				BUNDLE_LOADER = "$(TEST_HOST)";
				CODE_SIGN_STYLE = Automatic;
				DEVELOPMENT_TEAM = 95T69XHSY5;
				INFOPLIST_FILE = "swift-ui-sqliteTests/Info.plist";
				IPHONEOS_DEPLOYMENT_TARGET = 14.3;
				LD_RUNPATH_SEARCH_PATHS = (
					"$(inherited)",
					"@executable_path/Frameworks",
					"@loader_path/Frameworks",
				);
				PRODUCT_BUNDLE_IDENTIFIER = "com.alok.swift-ui-sqliteTests";
				PRODUCT_NAME = "$(TARGET_NAME)";
				SWIFT_VERSION = 5.0;
				TARGETED_DEVICE_FAMILY = "1,2";
				TEST_HOST = "$(BUILT_PRODUCTS_DIR)/swift-ui-sqlite.app/swift-ui-sqlite";
			};
			name = Debug;
		};
		5CDA7C4725B8059B0089C353 /* Release */ = {
			isa = XCBuildConfiguration;
			buildSettings = {
				BUNDLE_LOADER = "$(TEST_HOST)";
				CODE_SIGN_STYLE = Automatic;
				DEVELOPMENT_TEAM = 95T69XHSY5;
				INFOPLIST_FILE = "swift-ui-sqliteTests/Info.plist";
				IPHONEOS_DEPLOYMENT_TARGET = 14.3;
				LD_RUNPATH_SEARCH_PATHS = (
					"$(inherited)",
					"@executable_path/Frameworks",
					"@loader_path/Frameworks",
				);
				PRODUCT_BUNDLE_IDENTIFIER = "com.alok.swift-ui-sqliteTests";
				PRODUCT_NAME = "$(TARGET_NAME)";
				SWIFT_VERSION = 5.0;
				TARGETED_DEVICE_FAMILY = "1,2";
				TEST_HOST = "$(BUILT_PRODUCTS_DIR)/swift-ui-sqlite.app/swift-ui-sqlite";
			};
			name = Release;
		};
/* End XCBuildConfiguration section */

/* Begin XCConfigurationList section */
		29A0528B259DE76600ED7B8A /* Build configuration list for PBXProject "swift-ui-sqlite" */ = {
			isa = XCConfigurationList;
			buildConfigurations = (
				29A052A2259DE76800ED7B8A /* Debug */,
				29A052A3259DE76800ED7B8A /* Release */,
			);
			defaultConfigurationIsVisible = 0;
			defaultConfigurationName = Release;
		};
		29A052A4259DE76800ED7B8A /* Build configuration list for PBXNativeTarget "swift-ui-sqlite" */ = {
			isa = XCConfigurationList;
			buildConfigurations = (
				29A052A5259DE76800ED7B8A /* Debug */,
				29A052A6259DE76800ED7B8A /* Release */,
			);
			defaultConfigurationIsVisible = 0;
			defaultConfigurationName = Release;
		};
		5CDA7C4825B8059B0089C353 /* Build configuration list for PBXNativeTarget "swift-ui-sqliteTests" */ = {
			isa = XCConfigurationList;
			buildConfigurations = (
				5CDA7C4625B8059B0089C353 /* Debug */,
				5CDA7C4725B8059B0089C353 /* Release */,
			);
			defaultConfigurationIsVisible = 0;
			defaultConfigurationName = Release;
		};
/* End XCConfigurationList section */
	};
	rootObject = 29A05288259DE76600ED7B8A /* Project object */;
}
